
Microsoft Visual Studio Solution File, Format Version 12.00
# Visual Studio Version 16
VisualStudioVersion = 16.0.29215.179
MinimumVisualStudioVersion = 10.0.40219.1
Project("{F184B08F-C81C-45F6-A57F-5ABD9991F28F}") = "Test123", "Test123\Test123.vbproj", "{43BB676D-CEB2-482C-9164-06F0865B6D39}"
EndProject
Project("{F184B08F-C81C-45F6-A57F-5ABD9991F28F}") = "Test123.Data", "Test123.Data\Test123.Data.vbproj", "{0341B57D-42FC-4199-B8B7-A2017FF9A3E7}"
EndProject
Project("{F184B08F-C81C-45F6-A57F-5ABD9991F28F}") = "Test123.Repository", "Test123.Repository\Test123.Repository.vbproj", "{97A6A68A-2804-4924-9BF4-0CC22577B3EE}"
EndProject
Project("{F184B08F-C81C-45F6-A57F-5ABD9991F28F}") = "Test123.Service", "Test123.Service\Test123.Service.vbproj", "{FB0D0F51-B1AF-4DD5-95F6-38487041CF4D}"
EndProject
Global
	GlobalSection(SolutionConfigurationPlatforms) = preSolution
		Debug|Any CPU = Debug|Any CPU
		Release|Any CPU = Release|Any CPU
	EndGlobalSection
	GlobalSection(ProjectConfigurationPlatforms) = postSolution
		{43BB676D-CEB2-482C-9164-06F0865B6D39}.Debug|Any CPU.ActiveCfg = Debug|Any CPU
		{43BB676D-CEB2-482C-9164-06F0865B6D39}.Debug|Any CPU.Build.0 = Debug|Any CPU
		{43BB676D-CEB2-482C-9164-06F0865B6D39}.Release|Any CPU.ActiveCfg = Release|Any CPU
		{43BB676D-CEB2-482C-9164-06F0865B6D39}.Release|Any CPU.Build.0 = Release|Any CPU
		{0341B57D-42FC-4199-B8B7-A2017FF9A3E7}.Debug|Any CPU.ActiveCfg = Debug|Any CPU
		{0341B57D-42FC-4199-B8B7-A2017FF9A3E7}.Debug|Any CPU.Build.0 = Debug|Any CPU
		{0341B57D-42FC-4199-B8B7-A2017FF9A3E7}.Release|Any CPU.ActiveCfg = Release|Any CPU
		{0341B57D-42FC-4199-B8B7-A2017FF9A3E7}.Release|Any CPU.Build.0 = Release|Any CPU
		{97A6A68A-2804-4924-9BF4-0CC22577B3EE}.Debug|Any CPU.ActiveCfg = Debug|Any CPU
		{97A6A68A-2804-4924-9BF4-0CC22577B3EE}.Debug|Any CPU.Build.0 = Debug|Any CPU
		{97A6A68A-2804-4924-9BF4-0CC22577B3EE}.Release|Any CPU.ActiveCfg = Release|Any CPU
		{97A6A68A-2804-4924-9BF4-0CC22577B3EE}.Release|Any CPU.Build.0 = Release|Any CPU
		{FB0D0F51-B1AF-4DD5-95F6-38487041CF4D}.Debug|Any CPU.ActiveCfg = Debug|Any CPU
		{FB0D0F51-B1AF-4DD5-95F6-38487041CF4D}.Debug|Any CPU.Build.0 = Debug|Any CPU
		{FB0D0F51-B1AF-4DD5-95F6-38487041CF4D}.Release|Any CPU.ActiveCfg = Release|Any CPU
		{FB0D0F51-B1AF-4DD5-95F6-38487041CF4D}.Release|Any CPU.Build.0 = Release|Any CPU
	EndGlobalSection
	GlobalSection(SolutionProperties) = preSolution
		HideSolutionNode = FALSE
	EndGlobalSection
	GlobalSection(ExtensibilityGlobals) = postSolution
		SolutionGuid = {BBDEE5FD-2C0B-4F8E-8FB9-F975CEE4F436}
	EndGlobalSection
EndGlobal
